
Microsoft Visual Studio Solution File, Format Version 12.00
# Visual Studio Version 17
VisualStudioVersion = 17.14.36414.22 d17.14
MinimumVisualStudioVersion = 10.0.40219.1
Project("{FAE04EC0-301F-11D3-BF4B-00C04F79EFBC}") = "MauiApp1", "MauiApp1\MauiApp1.csproj", "{218FF946-72A0-4BB7-8ABF-4DB720ECAECF}"
EndProject
Global
	GlobalSection(SolutionConfigurationPlatforms) = preSolution
		Debug|Any CPU = Debug|Any CPU
		Release|Any CPU = Release|Any CPU
	EndGlobalSection
	GlobalSection(ProjectConfigurationPlatforms) = postSolution
		{218FF946-72A0-4BB7-8ABF-4DB720ECAECF}.Debug|Any CPU.ActiveCfg = Debug|Any CPU
		{218FF946-72A0-4BB7-8ABF-4DB720ECAECF}.Debug|Any CPU.Build.0 = Debug|Any CPU
		{218FF946-72A0-4BB7-8ABF-4DB720ECAECF}.Release|Any CPU.ActiveCfg = Release|Any CPU
		{218FF946-72A0-4BB7-8ABF-4DB720ECAECF}.Release|Any CPU.Build.0 = Release|Any CPU
	EndGlobalSection
	GlobalSection(SolutionProperties) = preSolution
		HideSolutionNode = FALSE
	EndGlobalSection
	GlobalSection(ExtensibilityGlobals) = postSolution
		SolutionGuid = {F7D9D9E1-7BD3-4F6B-92AC-0D1CC3107CD6}
	EndGlobalSection
EndGlobal
